{
  "nodes": {
    "home-manager": {
      "inputs": {
        "nixpkgs": [
          "nixpkgs"
        ]
      },
      "locked": {
        "lastModified": 1749154018,
        "narHash": "sha256-gjN3j7joRvT3a8Zgcylnd4NFsnXeDBumqiu4HmY1RIg=",
        "owner": "nix-community",
        "repo": "home-manager",
        "rev": "7aae0ee71a17b19708b93b3ed448a1a0952bf111",
        "type": "github"
      },
      "original": {
        "owner": "nix-community",
        "ref": "release-25.05",
        "repo": "home-manager",
        "type": "github"
      }
    },
    "nixCats": {
      "locked": {
        "lastModified": 1750385475,
        "narHash": "sha256-jxssG9BjbGlxXGhAhtwIIaazpQxROpO0919aGaKuIiY=",
        "owner": "BirdeeHub",
        "repo": "nixCats-nvim",
        "rev": "0dbb19a5688f045e6e8b4f9f35bc32cdb777b1a9",
        "type": "github"
      },
      "original": {
        "owner": "BirdeeHub",
        "ref": "v7.2.16",
        "repo": "nixCats-nvim",
        "type": "github"
      }
    },
    "nixpkgs": {
      "locked": {
        "lastModified": 1750426883,
        "narHash": "sha256-DkTqyzO/S/4qGoaDlCik6Z29dQtbCL5QJX5bxOxIKvg=",
        "owner": "NixOS",
        "repo": "nixpkgs",
        "rev": "b6f372e59ad37db279de732631862a43e1feda53",
        "type": "github"
      },
      "original": {
        "id": "nixpkgs",
        "ref": "release-25.05",
        "type": "indirect"
      }
    },
    "root": {
      "inputs": {
        "home-manager": "home-manager",
        "nixCats": "nixCats",
        "nixpkgs": "nixpkgs"
      }
    }
  },
  "root": "root",
  "version": 7
}
